
Microsoft Visual Studio Solution File, Format Version 12.00
# Visual Studio Version 16
VisualStudioVersion = 16.0.31005.135
MinimumVisualStudioVersion = 10.0.40219.1
Project("{9A19103F-16F7-4668-BE54-9A1E7A4F7556}") = "MetricsManager", "MetricsManager\MetricsManager.csproj", "{AA71F0A4-9A08-45B2-8334-2C96C8681212}"
EndProject
Project("{9A19103F-16F7-4668-BE54-9A1E7A4F7556}") = "MetricsAgent", "MetricsAgent\MetricsAgent.csproj", "{9E38EBF9-35AB-492B-A07C-C8360DE82AC1}"
EndProject
Project("{FAE04EC0-301F-11D3-BF4B-00C04F79EFBC}") = "MetricsManagerTests", "MetricsManagerTests\MetricsManagerTests.csproj", "{8DFA7DF8-F740-4D0B-B6D7-1294F15966AF}"
EndProject
Project("{FAE04EC0-301F-11D3-BF4B-00C04F79EFBC}") = "MetricsAgentTests", "MetricsAgentTests\MetricsAgentTests.csproj", "{0376E85C-C661-47B0-B05D-BD7584569918}"
EndProject
Global
	GlobalSection(SolutionConfigurationPlatforms) = preSolution
		Debug|Any CPU = Debug|Any CPU
		Release|Any CPU = Release|Any CPU
	EndGlobalSection
	GlobalSection(ProjectConfigurationPlatforms) = postSolution
		{AA71F0A4-9A08-45B2-8334-2C96C8681212}.Debug|Any CPU.ActiveCfg = Debug|Any CPU
		{AA71F0A4-9A08-45B2-8334-2C96C8681212}.Debug|Any CPU.Build.0 = Debug|Any CPU
		{AA71F0A4-9A08-45B2-8334-2C96C8681212}.Release|Any CPU.ActiveCfg = Release|Any CPU
		{AA71F0A4-9A08-45B2-8334-2C96C8681212}.Release|Any CPU.Build.0 = Release|Any CPU
		{9E38EBF9-35AB-492B-A07C-C8360DE82AC1}.Debug|Any CPU.ActiveCfg = Debug|Any CPU
		{9E38EBF9-35AB-492B-A07C-C8360DE82AC1}.Debug|Any CPU.Build.0 = Debug|Any CPU
		{9E38EBF9-35AB-492B-A07C-C8360DE82AC1}.Release|Any CPU.ActiveCfg = Release|Any CPU
		{9E38EBF9-35AB-492B-A07C-C8360DE82AC1}.Release|Any CPU.Build.0 = Release|Any CPU
		{8DFA7DF8-F740-4D0B-B6D7-1294F15966AF}.Debug|Any CPU.ActiveCfg = Debug|Any CPU
		{8DFA7DF8-F740-4D0B-B6D7-1294F15966AF}.Debug|Any CPU.Build.0 = Debug|Any CPU
		{8DFA7DF8-F740-4D0B-B6D7-1294F15966AF}.Release|Any CPU.ActiveCfg = Release|Any CPU
		{8DFA7DF8-F740-4D0B-B6D7-1294F15966AF}.Release|Any CPU.Build.0 = Release|Any CPU
		{0376E85C-C661-47B0-B05D-BD7584569918}.Debug|Any CPU.ActiveCfg = Debug|Any CPU
		{0376E85C-C661-47B0-B05D-BD7584569918}.Debug|Any CPU.Build.0 = Debug|Any CPU
		{0376E85C-C661-47B0-B05D-BD7584569918}.Release|Any CPU.ActiveCfg = Release|Any CPU
		{0376E85C-C661-47B0-B05D-BD7584569918}.Release|Any CPU.Build.0 = Release|Any CPU
	EndGlobalSection
	GlobalSection(SolutionProperties) = preSolution
		HideSolutionNode = FALSE
	EndGlobalSection
	GlobalSection(ExtensibilityGlobals) = postSolution
		SolutionGuid = {3C454650-3022-4513-B689-EE1AB1B27E68}
	EndGlobalSection
EndGlobal
